// !$*UTF8*$!
{
	archiveVersion = 1;
	classes = {
	};
	objectVersion = 46;
	objects = {

/* Begin PBXBuildFile section */
		7312711D16DB776D00436B3B /* main.cpp in Sources */ = {isa = PBXBuildFile; fileRef = 7312711C16DB776D00436B3B /* main.cpp */; };
		7312711F16DB776D00436B3B /* SsToHtml5.1 in CopyFiles */ = {isa = PBXBuildFile; fileRef = 7312711E16DB776D00436B3B /* SsToHtml5.1 */; };
		7312712816DB799F00436B3B /* libiconv.2.dylib in Frameworks */ = {isa = PBXBuildFile; fileRef = 7312712716DB799F00436B3B /* libiconv.2.dylib */; };
		73C3DA1D16E9B27A00D4D031 /* libStaticLib.a in Frameworks */ = {isa = PBXBuildFile; fileRef = 73C3DA1C16E9B27A00D4D031 /* libStaticLib.a */; };
		73C3DA2116E9B28B00D4D031 /* libboost_system.a in Frameworks */ = {isa = PBXBuildFile; fileRef = 73C3DA1E16E9B28B00D4D031 /* libboost_system.a */; };
		73C3DA2216E9B28B00D4D031 /* libboost_program_options.a in Frameworks */ = {isa = PBXBuildFile; fileRef = 73C3DA1F16E9B28B00D4D031 /* libboost_program_options.a */; };
		73C3DA2316E9B28B00D4D031 /* libboost_filesystem.a in Frameworks */ = {isa = PBXBuildFile; fileRef = 73C3DA2016E9B28B00D4D031 /* libboost_filesystem.a */; };
/* End PBXBuildFile section */

/* Begin PBXCopyFilesBuildPhase section */
		7312711716DB776D00436B3B /* CopyFiles */ = {
			isa = PBXCopyFilesBuildPhase;
			buildActionMask = 2147483647;
			dstPath = /usr/share/man/man1/;
			dstSubfolderSpec = 0;
			files = (
				7312711F16DB776D00436B3B /* SsToHtml5.1 in CopyFiles */,
			);
			runOnlyForDeploymentPostprocessing = 1;
		};
/* End PBXCopyFilesBuildPhase section */

/* Begin PBXFileReference section */
		7312711916DB776D00436B3B /* SsToHtml5 */ = {isa = PBXFileReference; explicitFileType = "compiled.mach-o.executable"; includeInIndex = 0; path = SsToHtml5; sourceTree = BUILT_PRODUCTS_DIR; };
		7312711C16DB776D00436B3B /* main.cpp */ = {isa = PBXFileReference; lastKnownFileType = sourcecode.cpp.cpp; path = main.cpp; sourceTree = "<group>"; };
		7312711E16DB776D00436B3B /* SsToHtml5.1 */ = {isa = PBXFileReference; lastKnownFileType = text.man; path = SsToHtml5.1; sourceTree = "<group>"; };
		7312712716DB799F00436B3B /* libiconv.2.dylib */ = {isa = PBXFileReference; lastKnownFileType = "compiled.mach-o.dylib"; name = libiconv.2.dylib; path = usr/lib/libiconv.2.dylib; sourceTree = SDKROOT; };
		73C3DA1C16E9B27A00D4D031 /* libStaticLib.a */ = {isa = PBXFileReference; lastKnownFileType = archive.ar; name = libStaticLib.a; path = ../DerivedData/SsPlayerConverter/Build/Products/Debug/libStaticLib.a; sourceTree = "<group>"; };
		73C3DA1E16E9B28B00D4D031 /* libboost_system.a */ = {isa = PBXFileReference; lastKnownFileType = archive.ar; name = libboost_system.a; path = ../../lib/libboost_system.a; sourceTree = "<group>"; };
		73C3DA1F16E9B28B00D4D031 /* libboost_program_options.a */ = {isa = PBXFileReference; lastKnownFileType = archive.ar; name = libboost_program_options.a; path = ../../lib/libboost_program_options.a; sourceTree = "<group>"; };
		73C3DA2016E9B28B00D4D031 /* libboost_filesystem.a */ = {isa = PBXFileReference; lastKnownFileType = archive.ar; name = libboost_filesystem.a; path = ../../lib/libboost_filesystem.a; sourceTree = "<group>"; };
/* End PBXFileReference section */

/* Begin PBXFrameworksBuildPhase section */
		7312711616DB776D00436B3B /* Frameworks */ = {
			isa = PBXFrameworksBuildPhase;
			buildActionMask = 2147483647;
			files = (
				73C3DA2116E9B28B00D4D031 /* libboost_system.a in Frameworks */,
				73C3DA2216E9B28B00D4D031 /* libboost_program_options.a in Frameworks */,
				73C3DA2316E9B28B00D4D031 /* libboost_filesystem.a in Frameworks */,
				73C3DA1D16E9B27A00D4D031 /* libStaticLib.a in Frameworks */,
				7312712816DB799F00436B3B /* libiconv.2.dylib in Frameworks */,
			);
			runOnlyForDeploymentPostprocessing = 0;
		};
/* End PBXFrameworksBuildPhase section */

/* Begin PBXGroup section */
		7312711016DB776D00436B3B = {
			isa = PBXGroup;
			children = (
				73C3DA1E16E9B28B00D4D031 /* libboost_system.a */,
				73C3DA1F16E9B28B00D4D031 /* libboost_program_options.a */,
				73C3DA2016E9B28B00D4D031 /* libboost_filesystem.a */,
				73C3DA1C16E9B27A00D4D031 /* libStaticLib.a */,
				7312712716DB799F00436B3B /* libiconv.2.dylib */,
				7312711B16DB776D00436B3B /* SsToHtml5 */,
				7312711A16DB776D00436B3B /* Products */,
			);
			sourceTree = "<group>";
		};
		7312711A16DB776D00436B3B /* Products */ = {
			isa = PBXGroup;
			children = (
				7312711916DB776D00436B3B /* SsToHtml5 */,
			);
			name = Products;
			sourceTree = "<group>";
		};
		7312711B16DB776D00436B3B /* SsToHtml5 */ = {
			isa = PBXGroup;
			children = (
				7312711C16DB776D00436B3B /* main.cpp */,
				7312711E16DB776D00436B3B /* SsToHtml5.1 */,
			);
			path = SsToHtml5;
			sourceTree = "<group>";
		};
/* End PBXGroup section */

/* Begin PBXNativeTarget section */
		7312711816DB776D00436B3B /* SsToHtml5 */ = {
			isa = PBXNativeTarget;
			buildConfigurationList = 7312712216DB776D00436B3B /* Build configuration list for PBXNativeTarget "SsToHtml5" */;
			buildPhases = (
				7312711516DB776D00436B3B /* Sources */,
				7312711616DB776D00436B3B /* Frameworks */,
				7312711716DB776D00436B3B /* CopyFiles */,
			);
			buildRules = (
			);
			dependencies = (
			);
			name = SsToHtml5;
			productName = SsToHtml5;
			productReference = 7312711916DB776D00436B3B /* SsToHtml5 */;
			productType = "com.apple.product-type.tool";
		};
/* End PBXNativeTarget section */

/* Begin PBXProject section */
		7312711116DB776D00436B3B /* Project object */ = {
			isa = PBXProject;
			attributes = {
				LastUpgradeCheck = 0460;
				ORGANIZATIONNAME = "Hiroki Azumada";
			};
			buildConfigurationList = 7312711416DB776D00436B3B /* Build configuration list for PBXProject "SsToHtml5" */;
			compatibilityVersion = "Xcode 3.2";
			developmentRegion = English;
			hasScannedForEncodings = 0;
			knownRegions = (
				en,
			);
			mainGroup = 7312711016DB776D00436B3B;
			productRefGroup = 7312711A16DB776D00436B3B /* Products */;
			projectDirPath = "";
			projectRoot = "";
			targets = (
				7312711816DB776D00436B3B /* SsToHtml5 */,
			);
		};
/* End PBXProject section */

/* Begin PBXSourcesBuildPhase section */
		7312711516DB776D00436B3B /* Sources */ = {
			isa = PBXSourcesBuildPhase;
			buildActionMask = 2147483647;
			files = (
				7312711D16DB776D00436B3B /* main.cpp in Sources */,
			);
			runOnlyForDeploymentPostprocessing = 0;
		};
/* End PBXSourcesBuildPhase section */

/* Begin XCBuildConfiguration section */
		7312712016DB776D00436B3B /* Debug */ = {
			isa = XCBuildConfiguration;
			buildSettings = {
				ALWAYS_SEARCH_USER_PATHS = NO;
				ARCHS = "$(ARCHS_STANDARD_64_BIT)";
				CLANG_CXX_LANGUAGE_STANDARD = "gnu++0x";
				CLANG_CXX_LIBRARY = "libstdc++";
				CLANG_WARN_CONSTANT_CONVERSION = YES;
				CLANG_WARN_EMPTY_BODY = YES;
				CLANG_WARN_ENUM_CONVERSION = YES;
				CLANG_WARN_INT_CONVERSION = YES;
				CLANG_WARN__DUPLICATE_METHOD_MATCH = YES;
				COPY_PHASE_STRIP = NO;
				GCC_C_LANGUAGE_STANDARD = gnu99;
				GCC_DYNAMIC_NO_PIC = NO;
				GCC_ENABLE_OBJC_EXCEPTIONS = YES;
				GCC_OPTIMIZATION_LEVEL = 0;
				GCC_PREPROCESSOR_DEFINITIONS = (
					"DEBUG=1",
					"$(inherited)",
				);
				GCC_SYMBOLS_PRIVATE_EXTERN = NO;
				GCC_WARN_64_TO_32_BIT_CONVERSION = YES;
				GCC_WARN_ABOUT_RETURN_TYPE = YES;
				GCC_WARN_UNINITIALIZED_AUTOS = YES;
				GCC_WARN_UNUSED_VARIABLE = YES;
				MACOSX_DEPLOYMENT_TARGET = 10.6;
				ONLY_ACTIVE_ARCH = YES;
				SDKROOT = macosx10.7;
			};
			name = Debug;
		};
		7312712116DB776D00436B3B /* Release */ = {
			isa = XCBuildConfiguration;
			buildSettings = {
				ALWAYS_SEARCH_USER_PATHS = NO;
				ARCHS = "$(ARCHS_STANDARD_64_BIT)";
				CLANG_CXX_LANGUAGE_STANDARD = "gnu++0x";
				CLANG_CXX_LIBRARY = "libstdc++";
				CLANG_WARN_CONSTANT_CONVERSION = YES;
				CLANG_WARN_EMPTY_BODY = YES;
				CLANG_WARN_ENUM_CONVERSION = YES;
				CLANG_WARN_INT_CONVERSION = YES;
				CLANG_WARN__DUPLICATE_METHOD_MATCH = YES;
				COPY_PHASE_STRIP = YES;
				DEBUG_INFORMATION_FORMAT = "dwarf-with-dsym";
				GCC_C_LANGUAGE_STANDARD = gnu99;
				GCC_ENABLE_OBJC_EXCEPTIONS = YES;
				GCC_WARN_64_TO_32_BIT_CONVERSION = YES;
				GCC_WARN_ABOUT_RETURN_TYPE = YES;
				GCC_WARN_UNINITIALIZED_AUTOS = YES;
				GCC_WARN_UNUSED_VARIABLE = YES;
				MACOSX_DEPLOYMENT_TARGET = 10.6;
				SDKROOT = macosx10.7;
			};
			name = Release;
		};
		7312712316DB776D00436B3B /* Debug */ = {
			isa = XCBuildConfiguration;
			buildSettings = {
				ARCHS = "$(ARCHS_STANDARD_64_BIT)";
				CLANG_CXX_LIBRARY = "libstdc++";
				LIBRARY_SEARCH_PATHS = (
					"$(inherited)",
					"\"$(SRCROOT)/../DerivedData/SsPlayerConverter/Build/Products/Debug\"",
					"\"$(SRCROOT)/../../lib\"",
				);
				MACOSX_DEPLOYMENT_TARGET = 10.6;
				PRODUCT_NAME = "$(TARGET_NAME)";
				SDKROOT = macosx;
			};
			name = Debug;
		};
		7312712416DB776D00436B3B /* Release */ = {
			isa = XCBuildConfiguration;
			buildSettings = {
				ARCHS = "$(ARCHS_STANDARD_64_BIT)";
				CLANG_CXX_LIBRARY = "libstdc++";
				LIBRARY_SEARCH_PATHS = (
					"$(inherited)",
					"\"$(SRCROOT)/../DerivedData/SsPlayerConverter/Build/Products/Debug\"",
					"\"$(SRCROOT)/../../lib\"",
				);
				MACOSX_DEPLOYMENT_TARGET = 10.6;
				PRODUCT_NAME = "$(TARGET_NAME)";
				SDKROOT = macosx;
			};
			name = Release;
		};
/* End XCBuildConfiguration section */

/* Begin XCConfigurationList section */
		7312711416DB776D00436B3B /* Build configuration list for PBXProject "SsToHtml5" */ = {
			isa = XCConfigurationList;
			buildConfigurations = (
				7312712016DB776D00436B3B /* Debug */,
				7312712116DB776D00436B3B /* Release */,
			);
			defaultConfigurationIsVisible = 0;
			defaultConfigurationName = Release;
		};
		7312712216DB776D00436B3B /* Build configuration list for PBXNativeTarget "SsToHtml5" */ = {
			isa = XCConfigurationList;
			buildConfigurations = (
				7312712316DB776D00436B3B /* Debug */,
				7312712416DB776D00436B3B /* Release */,
			);
			defaultConfigurationIsVisible = 0;
			defaultConfigurationName = Release;
		};
/* End XCConfigurationList section */
	};
	rootObject = 7312711116DB776D00436B3B /* Project object */;
}
